
Microsoft Visual Studio Solution File, Format Version 12.00
# Visual Studio Version 17
VisualStudioVersion = 17.9.34728.123
MinimumVisualStudioVersion = 10.0.40219.1
Project("{9A19103F-16F7-4668-BE54-9A1E7A4F7556}") = "QuanLyPhongKham", "QuanLyPhongKham\QuanLyPhongKham.csproj", "{35900027-227F-4133-BF30-0FBCC8BE1A13}"
EndProject
Project("{9A19103F-16F7-4668-BE54-9A1E7A4F7556}") = "DataAccessLayer", "DataAccessLayer\DataAccessLayer.csproj", "{F229E44C-312D-45B5-8D86-395550C61981}"
EndProject
Project("{9A19103F-16F7-4668-BE54-9A1E7A4F7556}") = "BusinessAccessLayer", "BusinessAccessLayer\BusinessAccessLayer.csproj", "{A1CA63E7-31FE-424D-BC51-017301089B65}"
EndProject
Global
	GlobalSection(SolutionConfigurationPlatforms) = preSolution
		Debug|Any CPU = Debug|Any CPU
		Release|Any CPU = Release|Any CPU
	EndGlobalSection
	GlobalSection(ProjectConfigurationPlatforms) = postSolution
		{35900027-227F-4133-BF30-0FBCC8BE1A13}.Debug|Any CPU.ActiveCfg = Debug|Any CPU
		{35900027-227F-4133-BF30-0FBCC8BE1A13}.Debug|Any CPU.Build.0 = Debug|Any CPU
		{35900027-227F-4133-BF30-0FBCC8BE1A13}.Release|Any CPU.ActiveCfg = Release|Any CPU
		{35900027-227F-4133-BF30-0FBCC8BE1A13}.Release|Any CPU.Build.0 = Release|Any CPU
		{F229E44C-312D-45B5-8D86-395550C61981}.Debug|Any CPU.ActiveCfg = Debug|Any CPU
		{F229E44C-312D-45B5-8D86-395550C61981}.Debug|Any CPU.Build.0 = Debug|Any CPU
		{F229E44C-312D-45B5-8D86-395550C61981}.Release|Any CPU.ActiveCfg = Release|Any CPU
		{F229E44C-312D-45B5-8D86-395550C61981}.Release|Any CPU.Build.0 = Release|Any CPU
		{A1CA63E7-31FE-424D-BC51-017301089B65}.Debug|Any CPU.ActiveCfg = Debug|Any CPU
		{A1CA63E7-31FE-424D-BC51-017301089B65}.Debug|Any CPU.Build.0 = Debug|Any CPU
		{A1CA63E7-31FE-424D-BC51-017301089B65}.Release|Any CPU.ActiveCfg = Release|Any CPU
		{A1CA63E7-31FE-424D-BC51-017301089B65}.Release|Any CPU.Build.0 = Release|Any CPU
	EndGlobalSection
	GlobalSection(SolutionProperties) = preSolution
		HideSolutionNode = FALSE
	EndGlobalSection
	GlobalSection(ExtensibilityGlobals) = postSolution
		SolutionGuid = {2618647A-FAC4-44E8-8F07-223DD0F77A42}
	EndGlobalSection
EndGlobal
